
Microsoft Visual Studio Solution File, Format Version 12.00
# Visual Studio Version 17
VisualStudioVersion = 17.0.32126.317
MinimumVisualStudioVersion = 10.0.40219.1
Project("{9A19103F-16F7-4668-BE54-9A1E7A4F7556}") = "VKR_WEB", "VKR_WEB\VKR_WEB.csproj", "{2632A523-B186-4784-9FA8-AC5207F4872B}"
EndProject
Global
	GlobalSection(SolutionConfigurationPlatforms) = preSolution
		Debug|Any CPU = Debug|Any CPU
		Release|Any CPU = Release|Any CPU
	EndGlobalSection
	GlobalSection(ProjectConfigurationPlatforms) = postSolution
		{2632A523-B186-4784-9FA8-AC5207F4872B}.Debug|Any CPU.ActiveCfg = Debug|Any CPU
		{2632A523-B186-4784-9FA8-AC5207F4872B}.Debug|Any CPU.Build.0 = Debug|Any CPU
		{2632A523-B186-4784-9FA8-AC5207F4872B}.Release|Any CPU.ActiveCfg = Release|Any CPU
		{2632A523-B186-4784-9FA8-AC5207F4872B}.Release|Any CPU.Build.0 = Release|Any CPU
	EndGlobalSection
	GlobalSection(SolutionProperties) = preSolution
		HideSolutionNode = FALSE
	EndGlobalSection
	GlobalSection(ExtensibilityGlobals) = postSolution
		SolutionGuid = {E7BCFC62-8E8A-4730-AB56-590521F7E618}
	EndGlobalSection
EndGlobal
